
Microsoft Visual Studio Solution File, Format Version 12.00
# Visual Studio 15
VisualStudioVersion = 15.0.28307.329
MinimumVisualStudioVersion = 10.0.40219.1
Project("{FAE04EC0-301F-11D3-BF4B-00C04F79EFBC}") = "TheCollectorsCollections", "TheCollectorsCollections\TheCollectorsCollections.csproj", "{AB6407F2-62D8-4C13-85F5-ED74661B5796}"
EndProject
Global
	GlobalSection(SolutionConfigurationPlatforms) = preSolution
		Debug|Any CPU = Debug|Any CPU
		Release|Any CPU = Release|Any CPU
	EndGlobalSection
	GlobalSection(ProjectConfigurationPlatforms) = postSolution
		{AB6407F2-62D8-4C13-85F5-ED74661B5796}.Debug|Any CPU.ActiveCfg = Debug|Any CPU
		{AB6407F2-62D8-4C13-85F5-ED74661B5796}.Debug|Any CPU.Build.0 = Debug|Any CPU
		{AB6407F2-62D8-4C13-85F5-ED74661B5796}.Release|Any CPU.ActiveCfg = Release|Any CPU
		{AB6407F2-62D8-4C13-85F5-ED74661B5796}.Release|Any CPU.Build.0 = Release|Any CPU
	EndGlobalSection
	GlobalSection(SolutionProperties) = preSolution
		HideSolutionNode = FALSE
	EndGlobalSection
	GlobalSection(ExtensibilityGlobals) = postSolution
		SolutionGuid = {B82D47D9-200E-496A-A21A-FEB1D3D8D381}
	EndGlobalSection
EndGlobal
